// !$*UTF8*$!
{
	archiveVersion = 1;
	classes = {
	};
	objectVersion = 46;
	objects = {

/* Begin PBXBuildFile section */
		7A91471C1D8B6B3300EE441E /* AppDelegate.swift in Sources */ = {isa = PBXBuildFile; fileRef = 7A91471B1D8B6B3300EE441E /* AppDelegate.swift */; };
		7A91471E1D8B6B3300EE441E /* ViewController.swift in Sources */ = {isa = PBXBuildFile; fileRef = 7A91471D1D8B6B3300EE441E /* ViewController.swift */; };
		7A9147211D8B6B3300EE441E /* Main.storyboard in Resources */ = {isa = PBXBuildFile; fileRef = 7A91471F1D8B6B3300EE441E /* Main.storyboard */; };
		7A9147231D8B6B3300EE441E /* Assets.xcassets in Resources */ = {isa = PBXBuildFile; fileRef = 7A9147221D8B6B3300EE441E /* Assets.xcassets */; };
		7A9147261D8B6B3300EE441E /* LaunchScreen.storyboard in Resources */ = {isa = PBXBuildFile; fileRef = 7A9147241D8B6B3300EE441E /* LaunchScreen.storyboard */; };
		7A9147311D8B6B3300EE441E /* Quiz_appTests.swift in Sources */ = {isa = PBXBuildFile; fileRef = 7A9147301D8B6B3300EE441E /* Quiz_appTests.swift */; };
		7A91473C1D8B6B3300EE441E /* Quiz_appUITests.swift in Sources */ = {isa = PBXBuildFile; fileRef = 7A91473B1D8B6B3300EE441E /* Quiz_appUITests.swift */; };
/* End PBXBuildFile section */

/* Begin PBXContainerItemProxy section */
		7A91472D1D8B6B3300EE441E /* PBXContainerItemProxy */ = {
			isa = PBXContainerItemProxy;
			containerPortal = 7A9147101D8B6B3300EE441E /* Project object */;
			proxyType = 1;
			remoteGlobalIDString = 7A9147171D8B6B3300EE441E;
			remoteInfo = "Quiz app";
		};
		7A9147381D8B6B3300EE441E /* PBXContainerItemProxy */ = {
			isa = PBXContainerItemProxy;
			containerPortal = 7A9147101D8B6B3300EE441E /* Project object */;
			proxyType = 1;
			remoteGlobalIDString = 7A9147171D8B6B3300EE441E;
			remoteInfo = "Quiz app";
		};
/* End PBXContainerItemProxy section */

/* Begin PBXFileReference section */
		7A9147181D8B6B3300EE441E /* Quiz app.app */ = {isa = PBXFileReference; explicitFileType = wrapper.application; includeInIndex = 0; path = "Quiz app.app"; sourceTree = BUILT_PRODUCTS_DIR; };
		7A91471B1D8B6B3300EE441E /* AppDelegate.swift */ = {isa = PBXFileReference; lastKnownFileType = sourcecode.swift; path = AppDelegate.swift; sourceTree = "<group>"; };
		7A91471D1D8B6B3300EE441E /* ViewController.swift */ = {isa = PBXFileReference; lastKnownFileType = sourcecode.swift; path = ViewController.swift; sourceTree = "<group>"; };
		7A9147201D8B6B3300EE441E /* Base */ = {isa = PBXFileReference; lastKnownFileType = file.storyboard; name = Base; path = Base.lproj/Main.storyboard; sourceTree = "<group>"; };
		7A9147221D8B6B3300EE441E /* Assets.xcassets */ = {isa = PBXFileReference; lastKnownFileType = folder.assetcatalog; path = Assets.xcassets; sourceTree = "<group>"; };
		7A9147251D8B6B3300EE441E /* Base */ = {isa = PBXFileReference; lastKnownFileType = file.storyboard; name = Base; path = Base.lproj/LaunchScreen.storyboard; sourceTree = "<group>"; };
		7A9147271D8B6B3300EE441E /* Info.plist */ = {isa = PBXFileReference; lastKnownFileType = text.plist.xml; path = Info.plist; sourceTree = "<group>"; };
		7A91472C1D8B6B3300EE441E /* Quiz appTests.xctest */ = {isa = PBXFileReference; explicitFileType = wrapper.cfbundle; includeInIndex = 0; path = "Quiz appTests.xctest"; sourceTree = BUILT_PRODUCTS_DIR; };
		7A9147301D8B6B3300EE441E /* Quiz_appTests.swift */ = {isa = PBXFileReference; lastKnownFileType = sourcecode.swift; path = Quiz_appTests.swift; sourceTree = "<group>"; };
		7A9147321D8B6B3300EE441E /* Info.plist */ = {isa = PBXFileReference; lastKnownFileType = text.plist.xml; path = Info.plist; sourceTree = "<group>"; };
		7A9147371D8B6B3300EE441E /* Quiz appUITests.xctest */ = {isa = PBXFileReference; explicitFileType = wrapper.cfbundle; includeInIndex = 0; path = "Quiz appUITests.xctest"; sourceTree = BUILT_PRODUCTS_DIR; };
		7A91473B1D8B6B3300EE441E /* Quiz_appUITests.swift */ = {isa = PBXFileReference; lastKnownFileType = sourcecode.swift; path = Quiz_appUITests.swift; sourceTree = "<group>"; };
		7A91473D1D8B6B3300EE441E /* Info.plist */ = {isa = PBXFileReference; lastKnownFileType = text.plist.xml; path = Info.plist; sourceTree = "<group>"; };
/* End PBXFileReference section */

/* Begin PBXFrameworksBuildPhase section */
		7A9147151D8B6B3300EE441E /* Frameworks */ = {
			isa = PBXFrameworksBuildPhase;
			buildActionMask = 2147483647;
			files = (
			);
			runOnlyForDeploymentPostprocessing = 0;
		};
		7A9147291D8B6B3300EE441E /* Frameworks */ = {
			isa = PBXFrameworksBuildPhase;
			buildActionMask = 2147483647;
			files = (
			);
			runOnlyForDeploymentPostprocessing = 0;
		};
		7A9147341D8B6B3300EE441E /* Frameworks */ = {
			isa = PBXFrameworksBuildPhase;
			buildActionMask = 2147483647;
			files = (
			);
			runOnlyForDeploymentPostprocessing = 0;
		};
/* End PBXFrameworksBuildPhase section */

/* Begin PBXGroup section */
		7A91470F1D8B6B3300EE441E = {
			isa = PBXGroup;
			children = (
				7A91471A1D8B6B3300EE441E /* Quiz app */,
				7A91472F1D8B6B3300EE441E /* Quiz appTests */,
				7A91473A1D8B6B3300EE441E /* Quiz appUITests */,
				7A9147191D8B6B3300EE441E /* Products */,
			);
			sourceTree = "<group>";
		};
		7A9147191D8B6B3300EE441E /* Products */ = {
			isa = PBXGroup;
			children = (
				7A9147181D8B6B3300EE441E /* Quiz app.app */,
				7A91472C1D8B6B3300EE441E /* Quiz appTests.xctest */,
				7A9147371D8B6B3300EE441E /* Quiz appUITests.xctest */,
			);
			name = Products;
			sourceTree = "<group>";
		};
		7A91471A1D8B6B3300EE441E /* Quiz app */ = {
			isa = PBXGroup;
			children = (
				7A91471B1D8B6B3300EE441E /* AppDelegate.swift */,
				7A91471D1D8B6B3300EE441E /* ViewController.swift */,
				7A91471F1D8B6B3300EE441E /* Main.storyboard */,
				7A9147221D8B6B3300EE441E /* Assets.xcassets */,
				7A9147241D8B6B3300EE441E /* LaunchScreen.storyboard */,
				7A9147271D8B6B3300EE441E /* Info.plist */,
			);
			path = "Quiz app";
			sourceTree = "<group>";
		};
		7A91472F1D8B6B3300EE441E /* Quiz appTests */ = {
			isa = PBXGroup;
			children = (
				7A9147301D8B6B3300EE441E /* Quiz_appTests.swift */,
				7A9147321D8B6B3300EE441E /* Info.plist */,
			);
			path = "Quiz appTests";
			sourceTree = "<group>";
		};
		7A91473A1D8B6B3300EE441E /* Quiz appUITests */ = {
			isa = PBXGroup;
			children = (
				7A91473B1D8B6B3300EE441E /* Quiz_appUITests.swift */,
				7A91473D1D8B6B3300EE441E /* Info.plist */,
			);
			path = "Quiz appUITests";
			sourceTree = "<group>";
		};
/* End PBXGroup section */

/* Begin PBXNativeTarget section */
		7A9147171D8B6B3300EE441E /* Quiz app */ = {
			isa = PBXNativeTarget;
			buildConfigurationList = 7A9147401D8B6B3300EE441E /* Build configuration list for PBXNativeTarget "Quiz app" */;
			buildPhases = (
				7A9147141D8B6B3300EE441E /* Sources */,
				7A9147151D8B6B3300EE441E /* Frameworks */,
				7A9147161D8B6B3300EE441E /* Resources */,
			);
			buildRules = (
			);
			dependencies = (
			);
			name = "Quiz app";
			productName = "Quiz app";
			productReference = 7A9147181D8B6B3300EE441E /* Quiz app.app */;
			productType = "com.apple.product-type.application";
		};
		7A91472B1D8B6B3300EE441E /* Quiz appTests */ = {
			isa = PBXNativeTarget;
			buildConfigurationList = 7A9147431D8B6B3300EE441E /* Build configuration list for PBXNativeTarget "Quiz appTests" */;
			buildPhases = (
				7A9147281D8B6B3300EE441E /* Sources */,
				7A9147291D8B6B3300EE441E /* Frameworks */,
				7A91472A1D8B6B3300EE441E /* Resources */,
			);
			buildRules = (
			);
			dependencies = (
				7A91472E1D8B6B3300EE441E /* PBXTargetDependency */,
			);
			name = "Quiz appTests";
			productName = "Quiz appTests";
			productReference = 7A91472C1D8B6B3300EE441E /* Quiz appTests.xctest */;
			productType = "com.apple.product-type.bundle.unit-test";
		};
		7A9147361D8B6B3300EE441E /* Quiz appUITests */ = {
			isa = PBXNativeTarget;
			buildConfigurationList = 7A9147461D8B6B3300EE441E /* Build configuration list for PBXNativeTarget "Quiz appUITests" */;
			buildPhases = (
				7A9147331D8B6B3300EE441E /* Sources */,
				7A9147341D8B6B3300EE441E /* Frameworks */,
				7A9147351D8B6B3300EE441E /* Resources */,
			);
			buildRules = (
			);
			dependencies = (
				7A9147391D8B6B3300EE441E /* PBXTargetDependency */,
			);
			name = "Quiz appUITests";
			productName = "Quiz appUITests";
			productReference = 7A9147371D8B6B3300EE441E /* Quiz appUITests.xctest */;
			productType = "com.apple.product-type.bundle.ui-testing";
		};
/* End PBXNativeTarget section */

/* Begin PBXProject section */
		7A9147101D8B6B3300EE441E /* Project object */ = {
			isa = PBXProject;
			attributes = {
				LastSwiftUpdateCheck = 0730;
				LastUpgradeCheck = 0730;
				ORGANIZATIONNAME = "Krishna Chandra Joshi";
				TargetAttributes = {
					7A9147171D8B6B3300EE441E = {
						CreatedOnToolsVersion = 7.3.1;
					};
					7A91472B1D8B6B3300EE441E = {
						CreatedOnToolsVersion = 7.3.1;
						TestTargetID = 7A9147171D8B6B3300EE441E;
					};
					7A9147361D8B6B3300EE441E = {
						CreatedOnToolsVersion = 7.3.1;
						TestTargetID = 7A9147171D8B6B3300EE441E;
					};
				};
			};
			buildConfigurationList = 7A9147131D8B6B3300EE441E /* Build configuration list for PBXProject "Quiz app" */;
			compatibilityVersion = "Xcode 3.2";
			developmentRegion = English;
			hasScannedForEncodings = 0;
			knownRegions = (
				en,
				Base,
			);
			mainGroup = 7A91470F1D8B6B3300EE441E;
			productRefGroup = 7A9147191D8B6B3300EE441E /* Products */;
			projectDirPath = "";
			projectRoot = "";
			targets = (
				7A9147171D8B6B3300EE441E /* Quiz app */,
				7A91472B1D8B6B3300EE441E /* Quiz appTests */,
				7A9147361D8B6B3300EE441E /* Quiz appUITests */,
			);
		};
/* End PBXProject section */

/* Begin PBXResourcesBuildPhase section */
		7A9147161D8B6B3300EE441E /* Resources */ = {
			isa = PBXResourcesBuildPhase;
			buildActionMask = 2147483647;
			files = (
				7A9147261D8B6B3300EE441E /* LaunchScreen.storyboard in Resources */,
				7A9147231D8B6B3300EE441E /* Assets.xcassets in Resources */,
				7A9147211D8B6B3300EE441E /* Main.storyboard in Resources */,
			);
			runOnlyForDeploymentPostprocessing = 0;
		};
		7A91472A1D8B6B3300EE441E /* Resources */ = {
			isa = PBXResourcesBuildPhase;
			buildActionMask = 2147483647;
			files = (
			);
			runOnlyForDeploymentPostprocessing = 0;
		};
		7A9147351D8B6B3300EE441E /* Resources */ = {
			isa = PBXResourcesBuildPhase;
			buildActionMask = 2147483647;
			files = (
			);
			runOnlyForDeploymentPostprocessing = 0;
		};
/* End PBXResourcesBuildPhase section */

/* Begin PBXSourcesBuildPhase section */
		7A9147141D8B6B3300EE441E /* Sources */ = {
			isa = PBXSourcesBuildPhase;
			buildActionMask = 2147483647;
			files = (
				7A91471E1D8B6B3300EE441E /* ViewController.swift in Sources */,
				7A91471C1D8B6B3300EE441E /* AppDelegate.swift in Sources */,
			);
			runOnlyForDeploymentPostprocessing = 0;
		};
		7A9147281D8B6B3300EE441E /* Sources */ = {
			isa = PBXSourcesBuildPhase;
			buildActionMask = 2147483647;
			files = (
				7A9147311D8B6B3300EE441E /* Quiz_appTests.swift in Sources */,
			);
			runOnlyForDeploymentPostprocessing = 0;
		};
		7A9147331D8B6B3300EE441E /* Sources */ = {
			isa = PBXSourcesBuildPhase;
			buildActionMask = 2147483647;
			files = (
				7A91473C1D8B6B3300EE441E /* Quiz_appUITests.swift in Sources */,
			);
			runOnlyForDeploymentPostprocessing = 0;
		};
/* End PBXSourcesBuildPhase section */

/* Begin PBXTargetDependency section */
		7A91472E1D8B6B3300EE441E /* PBXTargetDependency */ = {
			isa = PBXTargetDependency;
			target = 7A9147171D8B6B3300EE441E /* Quiz app */;
			targetProxy = 7A91472D1D8B6B3300EE441E /* PBXContainerItemProxy */;
		};
		7A9147391D8B6B3300EE441E /* PBXTargetDependency */ = {
			isa = PBXTargetDependency;
			target = 7A9147171D8B6B3300EE441E /* Quiz app */;
			targetProxy = 7A9147381D8B6B3300EE441E /* PBXContainerItemProxy */;
		};
/* End PBXTargetDependency section */

/* Begin PBXVariantGroup section */
		7A91471F1D8B6B3300EE441E /* Main.storyboard */ = {
			isa = PBXVariantGroup;
			children = (
				7A9147201D8B6B3300EE441E /* Base */,
			);
			name = Main.storyboard;
			sourceTree = "<group>";
		};
		7A9147241D8B6B3300EE441E /* LaunchScreen.storyboard */ = {
			isa = PBXVariantGroup;
			children = (
				7A9147251D8B6B3300EE441E /* Base */,
			);
			name = LaunchScreen.storyboard;
			sourceTree = "<group>";
		};
/* End PBXVariantGroup section */

/* Begin XCBuildConfiguration section */
		7A91473E1D8B6B3300EE441E /* Debug */ = {
			isa = XCBuildConfiguration;
			buildSettings = {
				ALWAYS_SEARCH_USER_PATHS = NO;
				CLANG_ANALYZER_NONNULL = YES;
				CLANG_CXX_LANGUAGE_STANDARD = "gnu++0x";
				CLANG_CXX_LIBRARY = "libc++";
				CLANG_ENABLE_MODULES = YES;
				CLANG_ENABLE_OBJC_ARC = YES;
				CLANG_WARN_BOOL_CONVERSION = YES;
				CLANG_WARN_CONSTANT_CONVERSION = YES;
				CLANG_WARN_DIRECT_OBJC_ISA_USAGE = YES_ERROR;
				CLANG_WARN_EMPTY_BODY = YES;
				CLANG_WARN_ENUM_CONVERSION = YES;
				CLANG_WARN_INT_CONVERSION = YES;
				CLANG_WARN_OBJC_ROOT_CLASS = YES_ERROR;
				CLANG_WARN_UNREACHABLE_CODE = YES;
				CLANG_WARN__DUPLICATE_METHOD_MATCH = YES;
				"CODE_SIGN_IDENTITY[sdk=iphoneos*]" = "iPhone Developer";
				COPY_PHASE_STRIP = NO;
				DEBUG_INFORMATION_FORMAT = dwarf;
				ENABLE_STRICT_OBJC_MSGSEND = YES;
				ENABLE_TESTABILITY = YES;
				GCC_C_LANGUAGE_STANDARD = gnu99;
				GCC_DYNAMIC_NO_PIC = NO;
				GCC_NO_COMMON_BLOCKS = YES;
				GCC_OPTIMIZATION_LEVEL = 0;
				GCC_PREPROCESSOR_DEFINITIONS = (
					"DEBUG=1",
					"$(inherited)",
				);
				GCC_WARN_64_TO_32_BIT_CONVERSION = YES;
				GCC_WARN_ABOUT_RETURN_TYPE = YES_ERROR;
				GCC_WARN_UNDECLARED_SELECTOR = YES;
				GCC_WARN_UNINITIALIZED_AUTOS = YES_AGGRESSIVE;
				GCC_WARN_UNUSED_FUNCTION = YES;
				GCC_WARN_UNUSED_VARIABLE = YES;
				IPHONEOS_DEPLOYMENT_TARGET = 9.3;
				MTL_ENABLE_DEBUG_INFO = YES;
				ONLY_ACTIVE_ARCH = YES;
				SDKROOT = iphoneos;
				SWIFT_OPTIMIZATION_LEVEL = "-Onone";
				TARGETED_DEVICE_FAMILY = "1,2";
			};
			name = Debug;
		};
		7A91473F1D8B6B3300EE441E /* Release */ = {
			isa = XCBuildConfiguration;
			buildSettings = {
				ALWAYS_SEARCH_USER_PATHS = NO;
				CLANG_ANALYZER_NONNULL = YES;
				CLANG_CXX_LANGUAGE_STANDARD = "gnu++0x";
				CLANG_CXX_LIBRARY = "libc++";
				CLANG_ENABLE_MODULES = YES;
				CLANG_ENABLE_OBJC_ARC = YES;
				CLANG_WARN_BOOL_CONVERSION = YES;
				CLANG_WARN_CONSTANT_CONVERSION = YES;
				CLANG_WARN_DIRECT_OBJC_ISA_USAGE = YES_ERROR;
				CLANG_WARN_EMPTY_BODY = YES;
				CLANG_WARN_ENUM_CONVERSION = YES;
				CLANG_WARN_INT_CONVERSION = YES;
				CLANG_WARN_OBJC_ROOT_CLASS = YES_ERROR;
				CLANG_WARN_UNREACHABLE_CODE = YES;
				CLANG_WARN__DUPLICATE_METHOD_MATCH = YES;
				"CODE_SIGN_IDENTITY[sdk=iphoneos*]" = "iPhone Developer";
				COPY_PHASE_STRIP = NO;
				DEBUG_INFORMATION_FORMAT = "dwarf-with-dsym";
				ENABLE_NS_ASSERTIONS = NO;
				ENABLE_STRICT_OBJC_MSGSEND = YES;
				GCC_C_LANGUAGE_STANDARD = gnu99;
				GCC_NO_COMMON_BLOCKS = YES;
				GCC_WARN_64_TO_32_BIT_CONVERSION = YES;
				GCC_WARN_ABOUT_RETURN_TYPE = YES_ERROR;
				GCC_WARN_UNDECLARED_SELECTOR = YES;
				GCC_WARN_UNINITIALIZED_AUTOS = YES_AGGRESSIVE;
				GCC_WARN_UNUSED_FUNCTION = YES;
				GCC_WARN_UNUSED_VARIABLE = YES;
				IPHONEOS_DEPLOYMENT_TARGET = 9.3;
				MTL_ENABLE_DEBUG_INFO = NO;
				SDKROOT = iphoneos;
				TARGETED_DEVICE_FAMILY = "1,2";
				VALIDATE_PRODUCT = YES;
			};
			name = Release;
		};
		7A9147411D8B6B3300EE441E /* Debug */ = {
			isa = XCBuildConfiguration;
			buildSettings = {
				ASSETCATALOG_COMPILER_APPICON_NAME = AppIcon;
				INFOPLIST_FILE = "Quiz app/Info.plist";
				LD_RUNPATH_SEARCH_PATHS = "$(inherited) @executable_path/Frameworks";
				PRODUCT_BUNDLE_IDENTIFIER = "Krishna-Chandra-Joshi.Quiz-app";
				PRODUCT_NAME = "$(TARGET_NAME)";
			};
			name = Debug;
		};
		7A9147421D8B6B3300EE441E /* Release */ = {
			isa = XCBuildConfiguration;
			buildSettings = {
				ASSETCATALOG_COMPILER_APPICON_NAME = AppIcon;
				INFOPLIST_FILE = "Quiz app/Info.plist";
				LD_RUNPATH_SEARCH_PATHS = "$(inherited) @executable_path/Frameworks";
				PRODUCT_BUNDLE_IDENTIFIER = "Krishna-Chandra-Joshi.Quiz-app";
				PRODUCT_NAME = "$(TARGET_NAME)";
			};
			name = Release;
		};
		7A9147441D8B6B3300EE441E /* Debug */ = {
			isa = XCBuildConfiguration;
			buildSettings = {
				BUNDLE_LOADER = "$(TEST_HOST)";
				INFOPLIST_FILE = "Quiz appTests/Info.plist";
				LD_RUNPATH_SEARCH_PATHS = "$(inherited) @executable_path/Frameworks @loader_path/Frameworks";
				PRODUCT_BUNDLE_IDENTIFIER = "Krishna-Chandra-Joshi.Quiz-appTests";
				PRODUCT_NAME = "$(TARGET_NAME)";
				TEST_HOST = "$(BUILT_PRODUCTS_DIR)/Quiz app.app/Quiz app";
			};
			name = Debug;
		};
		7A9147451D8B6B3300EE441E /* Release */ = {
			isa = XCBuildConfiguration;
			buildSettings = {
				BUNDLE_LOADER = "$(TEST_HOST)";
				INFOPLIST_FILE = "Quiz appTests/Info.plist";
				LD_RUNPATH_SEARCH_PATHS = "$(inherited) @executable_path/Frameworks @loader_path/Frameworks";
				PRODUCT_BUNDLE_IDENTIFIER = "Krishna-Chandra-Joshi.Quiz-appTests";
				PRODUCT_NAME = "$(TARGET_NAME)";
				TEST_HOST = "$(BUILT_PRODUCTS_DIR)/Quiz app.app/Quiz app";
			};
			name = Release;
		};
		7A9147471D8B6B3300EE441E /* Debug */ = {
			isa = XCBuildConfiguration;
			buildSettings = {
				INFOPLIST_FILE = "Quiz appUITests/Info.plist";
				LD_RUNPATH_SEARCH_PATHS = "$(inherited) @executable_path/Frameworks @loader_path/Frameworks";
				PRODUCT_BUNDLE_IDENTIFIER = "Krishna-Chandra-Joshi.Quiz-appUITests";
				PRODUCT_NAME = "$(TARGET_NAME)";
				TEST_TARGET_NAME = "Quiz app";
			};
			name = Debug;
		};
		7A9147481D8B6B3300EE441E /* Release */ = {
			isa = XCBuildConfiguration;
			buildSettings = {
				INFOPLIST_FILE = "Quiz appUITests/Info.plist";
				LD_RUNPATH_SEARCH_PATHS = "$(inherited) @executable_path/Frameworks @loader_path/Frameworks";
				PRODUCT_BUNDLE_IDENTIFIER = "Krishna-Chandra-Joshi.Quiz-appUITests";
				PRODUCT_NAME = "$(TARGET_NAME)";
				TEST_TARGET_NAME = "Quiz app";
			};
			name = Release;
		};
/* End XCBuildConfiguration section */

/* Begin XCConfigurationList section */
		7A9147131D8B6B3300EE441E /* Build configuration list for PBXProject "Quiz app" */ = {
			isa = XCConfigurationList;
			buildConfigurations = (
				7A91473E1D8B6B3300EE441E /* Debug */,
				7A91473F1D8B6B3300EE441E /* Release */,
			);
			defaultConfigurationIsVisible = 0;
			defaultConfigurationName = Release;
		};
		7A9147401D8B6B3300EE441E /* Build configuration list for PBXNativeTarget "Quiz app" */ = {
			isa = XCConfigurationList;
			buildConfigurations = (
				7A9147411D8B6B3300EE441E /* Debug */,
				7A9147421D8B6B3300EE441E /* Release */,
			);
			defaultConfigurationIsVisible = 0;
		};
		7A9147431D8B6B3300EE441E /* Build configuration list for PBXNativeTarget "Quiz appTests" */ = {
			isa = XCConfigurationList;
			buildConfigurations = (
				7A9147441D8B6B3300EE441E /* Debug */,
				7A9147451D8B6B3300EE441E /* Release */,
			);
			defaultConfigurationIsVisible = 0;
		};
		7A9147461D8B6B3300EE441E /* Build configuration list for PBXNativeTarget "Quiz appUITests" */ = {
			isa = XCConfigurationList;
			buildConfigurations = (
				7A9147471D8B6B3300EE441E /* Debug */,
				7A9147481D8B6B3300EE441E /* Release */,
			);
			defaultConfigurationIsVisible = 0;
		};
/* End XCConfigurationList section */
	};
	rootObject = 7A9147101D8B6B3300EE441E /* Project object */;
}
